
Microsoft Visual Studio Solution File, Format Version 12.00
# Visual Studio 15
VisualStudioVersion = 15.0.28010.2048
MinimumVisualStudioVersion = 10.0.40219.1
Project("{FAE04EC0-301F-11D3-BF4B-00C04F79EFBC}") = "LibraryProject", "LibraryProject\LibraryProject.csproj", "{BC0D89EC-8351-4EC4-88A6-6EFCE38346F6}"
EndProject
Global
	GlobalSection(SolutionConfigurationPlatforms) = preSolution
		Debug|Any CPU = Debug|Any CPU
		Release|Any CPU = Release|Any CPU
	EndGlobalSection
	GlobalSection(ProjectConfigurationPlatforms) = postSolution
		{BC0D89EC-8351-4EC4-88A6-6EFCE38346F6}.Debug|Any CPU.ActiveCfg = Debug|Any CPU
		{BC0D89EC-8351-4EC4-88A6-6EFCE38346F6}.Debug|Any CPU.Build.0 = Debug|Any CPU
		{BC0D89EC-8351-4EC4-88A6-6EFCE38346F6}.Release|Any CPU.ActiveCfg = Release|Any CPU
		{BC0D89EC-8351-4EC4-88A6-6EFCE38346F6}.Release|Any CPU.Build.0 = Release|Any CPU
	EndGlobalSection
	GlobalSection(SolutionProperties) = preSolution
		HideSolutionNode = FALSE
	EndGlobalSection
	GlobalSection(ExtensibilityGlobals) = postSolution
		SolutionGuid = {DCED72A8-E7C3-4CEC-8D9C-A774DE1B8876}
	EndGlobalSection
	GlobalSection(Performance) = preSolution
		HasPerformanceSessions = true
	EndGlobalSection
EndGlobal
